{
    "version": 3,
    "terraform_version": "0.10.8",
    "serial": 14,
    "lineage": "9e35fbea-9109-4316-8d01-356ecbe0bf44",
    "modules": [
        {
            "path": [
                "root"
            ],
            "outputs": {},
            "resources": {
                "aws_instance.server": {
                    "type": "aws_instance",
                    "depends_on": [
                        "aws_security_group.server",
                        "data.template_file.cloud_init"
                    ],
                    "primary": {
                        "id": "i-0b6520a5bae7dd799",
                        "attributes": {
                            "ami": "ami-d834aba1",
                            "associate_public_ip_address": "true",
                            "availability_zone": "eu-west-1a",
                            "disable_api_termination": "false",
                            "ebs_block_device.#": "0",
                            "ebs_optimized": "false",
                            "ephemeral_block_device.#": "0",
                            "iam_instance_profile": "",
                            "id": "i-0b6520a5bae7dd799",
                            "instance_state": "running",
                            "instance_type": "t2.micro",
                            "ipv6_addresses.#": "0",
                            "key_name": "",
                            "monitoring": "false",
                            "network_interface.#": "0",
                            "network_interface_id": "eni-e73975c9",
                            "placement_group": "",
                            "primary_network_interface_id": "eni-e73975c9",
                            "private_dns": "ip-10-0-1-70.eu-west-1.compute.internal",
                            "private_ip": "10.0.1.70",
                            "public_dns": "ec2-54-194-252-138.eu-west-1.compute.amazonaws.com",
                            "public_ip": "54.194.252.138",
                            "root_block_device.#": "1",
                            "root_block_device.0.delete_on_termination": "true",
                            "root_block_device.0.iops": "100",
                            "root_block_device.0.volume_id": "vol-05218acb41d24c9eb",
                            "root_block_device.0.volume_size": "8",
                            "root_block_device.0.volume_type": "gp2",
                            "security_groups.#": "0",
                            "source_dest_check": "true",
                            "subnet_id": "subnet-be8166d8",
                            "tags.%": "1",
                            "tags.Name": "Klaus' House",
                            "tenancy": "default",
                            "user_data": "a0a437a366918f7cdb76e4fc71f5cb6f100ebeba",
                            "volume_tags.%": "0",
                            "vpc_security_group_ids.#": "1",
                            "vpc_security_group_ids.2686264655": "sg-a0bf4dda"
                        },
                        "meta": {
                            "e2bfb730-ecaa-11e6-8f88-34363bc7c4c0": {
                                "create": 600000000000,
                                "delete": 600000000000,
                                "update": 600000000000
                            },
                            "schema_version": "1"
                        },
                        "tainted": false
                    },
                    "deposed": [],
                    "provider": ""
                },
                "aws_route53_record.server": {
                    "type": "aws_route53_record",
                    "depends_on": [
                        "aws_instance.server",
                        "data.terraform_remote_state.core"
                    ],
                    "primary": {
                        "id": "ZA4BR6ITVQ0IS_klaus_A",
                        "attributes": {
                            "fqdn": "Klaus.bootcamp.ovotech.org.uk",
                            "health_check_id": "",
                            "id": "ZA4BR6ITVQ0IS_klaus_A",
                            "name": "klaus",
                            "records.#": "1",
                            "records.598360914": "54.194.252.138",
                            "set_identifier": "",
                            "ttl": "300",
                            "type": "A",
                            "zone_id": "ZA4BR6ITVQ0IS"
                        },
                        "meta": {
                            "schema_version": "2"
                        },
                        "tainted": false
                    },
                    "deposed": [],
                    "provider": ""
                },
                "aws_security_group.server": {
                    "type": "aws_security_group",
                    "depends_on": [],
                    "primary": {
                        "id": "sg-a0bf4dda",
                        "attributes": {
                            "description": "Managed by Terraform",
                            "egress.#": "1",
                            "egress.2214680975.cidr_blocks.#": "1",
                            "egress.2214680975.cidr_blocks.0": "0.0.0.0/0",
                            "egress.2214680975.description": "",
                            "egress.2214680975.from_port": "80",
                            "egress.2214680975.ipv6_cidr_blocks.#": "0",
                            "egress.2214680975.prefix_list_ids.#": "0",
                            "egress.2214680975.protocol": "tcp",
                            "egress.2214680975.security_groups.#": "0",
                            "egress.2214680975.self": "false",
                            "egress.2214680975.to_port": "80",
                            "id": "sg-a0bf4dda",
                            "ingress.#": "1",
                            "ingress.516175195.cidr_blocks.#": "1",
                            "ingress.516175195.cidr_blocks.0": "0.0.0.0/0",
                            "ingress.516175195.description": "",
                            "ingress.516175195.from_port": "8080",
                            "ingress.516175195.ipv6_cidr_blocks.#": "0",
                            "ingress.516175195.protocol": "tcp",
                            "ingress.516175195.security_groups.#": "0",
                            "ingress.516175195.self": "false",
                            "ingress.516175195.to_port": "8080",
                            "name": "Klaus-security-group",
                            "owner_id": "418861500014",
                            "revoke_rules_on_delete": "false",
                            "tags.%": "0",
                            "vpc_id": "vpc-042ce862"
                        },
                        "meta": {
                            "schema_version": "1"
                        },
                        "tainted": false
                    },
                    "deposed": [],
                    "provider": ""
                },
                "data.template_file.cloud_init": {
                    "type": "template_file",
                    "depends_on": [],
                    "primary": {
                        "id": "fa45256003dd7db0a4a8064cc0f8e80da1323b609bf28ba24f0cd8770f47a80e",
                        "attributes": {
                            "id": "fa45256003dd7db0a4a8064cc0f8e80da1323b609bf28ba24f0cd8770f47a80e",
                            "rendered": "#!/bin/bash\nsudo yum install busybox -y\necho \"Hello, Klaus\" \u003e index.html\nnohup busybox httpd -f -p 8080 \u0026",
                            "template": "#!/bin/bash\nsudo yum install busybox -y\necho \"Hello, ${name}\" \u003e index.html\nnohup busybox httpd -f -p 8080 \u0026",
                            "vars.%": "1",
                            "vars.name": "Klaus"
                        },
                        "meta": {},
                        "tainted": false
                    },
                    "deposed": [],
                    "provider": ""
                },
                "data.terraform_remote_state.core": {
                    "type": "terraform_remote_state",
                    "depends_on": [],
                    "primary": {
                        "id": "2018-01-26 16:44:50.751762 +0000 UTC",
                        "attributes": {
                            "backend": "s3",
                            "config.%": "4",
                            "config.bucket": "ovo-terraform-training",
                            "config.key": "core",
                            "config.profile": "training",
                            "config.region": "eu-west-1",
                            "dns-name-servers.#": "4",
                            "dns-name-servers.0": "ns-1491.awsdns-58.org",
                            "dns-name-servers.1": "ns-2025.awsdns-61.co.uk",
                            "dns-name-servers.2": "ns-541.awsdns-03.net",
                            "dns-name-servers.3": "ns-70.awsdns-08.com",
                            "dns-zone-id": "ZA4BR6ITVQ0IS",
                            "environment": "default",
                            "id": "2018-01-26 16:44:50.751762 +0000 UTC",
                            "private-subnet-ids.#": "1",
                            "private-subnet-ids.0": "subnet-50876036",
                            "public-subnet-ids.#": "1",
                            "public-subnet-ids.0": "subnet-be8166d8",
                            "vpc-id": "vpc-042ce862"
                        },
                        "meta": {},
                        "tainted": false
                    },
                    "deposed": [],
                    "provider": ""
                }
            },
            "depends_on": []
        }
    ]
}
